// !$*UTF8*$!
{
	archiveVersion = 1;
	classes = {
	};
	objectVersion = 50;
	objects = {

/* Begin PBXBuildFile section */
		7A8CBA9423E9109800D0D6BD /* AppDelegate.swift in Sources */ = {isa = PBXBuildFile; fileRef = 7A8CBA9323E9109800D0D6BD /* AppDelegate.swift */; };
		7A8CBA9623E9109800D0D6BD /* SceneDelegate.swift in Sources */ = {isa = PBXBuildFile; fileRef = 7A8CBA9523E9109800D0D6BD /* SceneDelegate.swift */; };
		7A8CBA9823E9109800D0D6BD /* ViewController.swift in Sources */ = {isa = PBXBuildFile; fileRef = 7A8CBA9723E9109800D0D6BD /* ViewController.swift */; };
		7A8CBA9B23E9109800D0D6BD /* Main.storyboard in Resources */ = {isa = PBXBuildFile; fileRef = 7A8CBA9923E9109800D0D6BD /* Main.storyboard */; };
		7A8CBA9D23E9109B00D0D6BD /* Assets.xcassets in Resources */ = {isa = PBXBuildFile; fileRef = 7A8CBA9C23E9109B00D0D6BD /* Assets.xcassets */; };
		7A8CBAA023E9109B00D0D6BD /* LaunchScreen.storyboard in Resources */ = {isa = PBXBuildFile; fileRef = 7A8CBA9E23E9109B00D0D6BD /* LaunchScreen.storyboard */; };
		7A8CBAAB23E9109B00D0D6BD /* CoreBlastFYTests.swift in Sources */ = {isa = PBXBuildFile; fileRef = 7A8CBAAA23E9109B00D0D6BD /* CoreBlastFYTests.swift */; };
/* End PBXBuildFile section */

/* Begin PBXContainerItemProxy section */
		7A8CBAA723E9109B00D0D6BD /* PBXContainerItemProxy */ = {
			isa = PBXContainerItemProxy;
			containerPortal = 7A8CBA8823E9109800D0D6BD /* Project object */;
			proxyType = 1;
			remoteGlobalIDString = 7A8CBA8F23E9109800D0D6BD;
			remoteInfo = CoreBlastFY;
		};
/* End PBXContainerItemProxy section */

/* Begin PBXFileReference section */
		7A8CBA9023E9109800D0D6BD /* CoreBlastFY.app */ = {isa = PBXFileReference; explicitFileType = wrapper.application; includeInIndex = 0; path = CoreBlastFY.app; sourceTree = BUILT_PRODUCTS_DIR; };
		7A8CBA9323E9109800D0D6BD /* AppDelegate.swift */ = {isa = PBXFileReference; lastKnownFileType = sourcecode.swift; path = AppDelegate.swift; sourceTree = "<group>"; };
		7A8CBA9523E9109800D0D6BD /* SceneDelegate.swift */ = {isa = PBXFileReference; lastKnownFileType = sourcecode.swift; path = SceneDelegate.swift; sourceTree = "<group>"; };
		7A8CBA9723E9109800D0D6BD /* ViewController.swift */ = {isa = PBXFileReference; lastKnownFileType = sourcecode.swift; path = ViewController.swift; sourceTree = "<group>"; };
		7A8CBA9A23E9109800D0D6BD /* Base */ = {isa = PBXFileReference; lastKnownFileType = file.storyboard; name = Base; path = Base.lproj/Main.storyboard; sourceTree = "<group>"; };
		7A8CBA9C23E9109B00D0D6BD /* Assets.xcassets */ = {isa = PBXFileReference; lastKnownFileType = folder.assetcatalog; path = Assets.xcassets; sourceTree = "<group>"; };
		7A8CBA9F23E9109B00D0D6BD /* Base */ = {isa = PBXFileReference; lastKnownFileType = file.storyboard; name = Base; path = Base.lproj/LaunchScreen.storyboard; sourceTree = "<group>"; };
		7A8CBAA123E9109B00D0D6BD /* Info.plist */ = {isa = PBXFileReference; lastKnownFileType = text.plist.xml; path = Info.plist; sourceTree = "<group>"; };
		7A8CBAA623E9109B00D0D6BD /* CoreBlastFYTests.xctest */ = {isa = PBXFileReference; explicitFileType = wrapper.cfbundle; includeInIndex = 0; path = CoreBlastFYTests.xctest; sourceTree = BUILT_PRODUCTS_DIR; };
		7A8CBAAA23E9109B00D0D6BD /* CoreBlastFYTests.swift */ = {isa = PBXFileReference; lastKnownFileType = sourcecode.swift; path = CoreBlastFYTests.swift; sourceTree = "<group>"; };
		7A8CBAAC23E9109B00D0D6BD /* Info.plist */ = {isa = PBXFileReference; lastKnownFileType = text.plist.xml; path = Info.plist; sourceTree = "<group>"; };
/* End PBXFileReference section */

/* Begin PBXFrameworksBuildPhase section */
		7A8CBA8D23E9109800D0D6BD /* Frameworks */ = {
			isa = PBXFrameworksBuildPhase;
			buildActionMask = 2147483647;
			files = (
			);
			runOnlyForDeploymentPostprocessing = 0;
		};
		7A8CBAA323E9109B00D0D6BD /* Frameworks */ = {
			isa = PBXFrameworksBuildPhase;
			buildActionMask = 2147483647;
			files = (
			);
			runOnlyForDeploymentPostprocessing = 0;
		};
/* End PBXFrameworksBuildPhase section */

/* Begin PBXGroup section */
		7A8CBA8723E9109800D0D6BD = {
			isa = PBXGroup;
			children = (
				7A8CBA9223E9109800D0D6BD /* CoreBlastFY */,
				7A8CBAA923E9109B00D0D6BD /* CoreBlastFYTests */,
				7A8CBA9123E9109800D0D6BD /* Products */,
			);
			sourceTree = "<group>";
		};
		7A8CBA9123E9109800D0D6BD /* Products */ = {
			isa = PBXGroup;
			children = (
				7A8CBA9023E9109800D0D6BD /* CoreBlastFY.app */,
				7A8CBAA623E9109B00D0D6BD /* CoreBlastFYTests.xctest */,
			);
			name = Products;
			sourceTree = "<group>";
		};
		7A8CBA9223E9109800D0D6BD /* CoreBlastFY */ = {
			isa = PBXGroup;
			children = (
				7A8CBA9323E9109800D0D6BD /* AppDelegate.swift */,
				7A8CBA9523E9109800D0D6BD /* SceneDelegate.swift */,
				7A8CBA9723E9109800D0D6BD /* ViewController.swift */,
				7A8CBA9923E9109800D0D6BD /* Main.storyboard */,
				7A8CBA9C23E9109B00D0D6BD /* Assets.xcassets */,
				7A8CBA9E23E9109B00D0D6BD /* LaunchScreen.storyboard */,
				7A8CBAA123E9109B00D0D6BD /* Info.plist */,
			);
			path = CoreBlastFY;
			sourceTree = "<group>";
		};
		7A8CBAA923E9109B00D0D6BD /* CoreBlastFYTests */ = {
			isa = PBXGroup;
			children = (
				7A8CBAAA23E9109B00D0D6BD /* CoreBlastFYTests.swift */,
				7A8CBAAC23E9109B00D0D6BD /* Info.plist */,
			);
			path = CoreBlastFYTests;
			sourceTree = "<group>";
		};
/* End PBXGroup section */

/* Begin PBXNativeTarget section */
		7A8CBA8F23E9109800D0D6BD /* CoreBlastFY */ = {
			isa = PBXNativeTarget;
			buildConfigurationList = 7A8CBAAF23E9109B00D0D6BD /* Build configuration list for PBXNativeTarget "CoreBlastFY" */;
			buildPhases = (
				7A8CBA8C23E9109800D0D6BD /* Sources */,
				7A8CBA8D23E9109800D0D6BD /* Frameworks */,
				7A8CBA8E23E9109800D0D6BD /* Resources */,
			);
			buildRules = (
			);
			dependencies = (
			);
			name = CoreBlastFY;
			productName = CoreBlastFY;
			productReference = 7A8CBA9023E9109800D0D6BD /* CoreBlastFY.app */;
			productType = "com.apple.product-type.application";
		};
		7A8CBAA523E9109B00D0D6BD /* CoreBlastFYTests */ = {
			isa = PBXNativeTarget;
			buildConfigurationList = 7A8CBAB223E9109B00D0D6BD /* Build configuration list for PBXNativeTarget "CoreBlastFYTests" */;
			buildPhases = (
				7A8CBAA223E9109B00D0D6BD /* Sources */,
				7A8CBAA323E9109B00D0D6BD /* Frameworks */,
				7A8CBAA423E9109B00D0D6BD /* Resources */,
			);
			buildRules = (
			);
			dependencies = (
				7A8CBAA823E9109B00D0D6BD /* PBXTargetDependency */,
			);
			name = CoreBlastFYTests;
			productName = CoreBlastFYTests;
			productReference = 7A8CBAA623E9109B00D0D6BD /* CoreBlastFYTests.xctest */;
			productType = "com.apple.product-type.bundle.unit-test";
		};
/* End PBXNativeTarget section */

/* Begin PBXProject section */
		7A8CBA8823E9109800D0D6BD /* Project object */ = {
			isa = PBXProject;
			attributes = {
				LastSwiftUpdateCheck = 1130;
				LastUpgradeCheck = 1130;
				ORGANIZATIONNAME = "Riccardo Washington";
				TargetAttributes = {
					7A8CBA8F23E9109800D0D6BD = {
						CreatedOnToolsVersion = 11.3;
					};
					7A8CBAA523E9109B00D0D6BD = {
						CreatedOnToolsVersion = 11.3;
						TestTargetID = 7A8CBA8F23E9109800D0D6BD;
					};
				};
			};
			buildConfigurationList = 7A8CBA8B23E9109800D0D6BD /* Build configuration list for PBXProject "CoreBlastFY" */;
			compatibilityVersion = "Xcode 9.3";
			developmentRegion = en;
			hasScannedForEncodings = 0;
			knownRegions = (
				en,
				Base,
			);
			mainGroup = 7A8CBA8723E9109800D0D6BD;
			productRefGroup = 7A8CBA9123E9109800D0D6BD /* Products */;
			projectDirPath = "";
			projectRoot = "";
			targets = (
				7A8CBA8F23E9109800D0D6BD /* CoreBlastFY */,
				7A8CBAA523E9109B00D0D6BD /* CoreBlastFYTests */,
			);
		};
/* End PBXProject section */

/* Begin PBXResourcesBuildPhase section */
		7A8CBA8E23E9109800D0D6BD /* Resources */ = {
			isa = PBXResourcesBuildPhase;
			buildActionMask = 2147483647;
			files = (
				7A8CBAA023E9109B00D0D6BD /* LaunchScreen.storyboard in Resources */,
				7A8CBA9D23E9109B00D0D6BD /* Assets.xcassets in Resources */,
				7A8CBA9B23E9109800D0D6BD /* Main.storyboard in Resources */,
			);
			runOnlyForDeploymentPostprocessing = 0;
		};
		7A8CBAA423E9109B00D0D6BD /* Resources */ = {
			isa = PBXResourcesBuildPhase;
			buildActionMask = 2147483647;
			files = (
			);
			runOnlyForDeploymentPostprocessing = 0;
		};
/* End PBXResourcesBuildPhase section */

/* Begin PBXSourcesBuildPhase section */
		7A8CBA8C23E9109800D0D6BD /* Sources */ = {
			isa = PBXSourcesBuildPhase;
			buildActionMask = 2147483647;
			files = (
				7A8CBA9823E9109800D0D6BD /* ViewController.swift in Sources */,
				7A8CBA9423E9109800D0D6BD /* AppDelegate.swift in Sources */,
				7A8CBA9623E9109800D0D6BD /* SceneDelegate.swift in Sources */,
			);
			runOnlyForDeploymentPostprocessing = 0;
		};
		7A8CBAA223E9109B00D0D6BD /* Sources */ = {
			isa = PBXSourcesBuildPhase;
			buildActionMask = 2147483647;
			files = (
				7A8CBAAB23E9109B00D0D6BD /* CoreBlastFYTests.swift in Sources */,
			);
			runOnlyForDeploymentPostprocessing = 0;
		};
/* End PBXSourcesBuildPhase section */

/* Begin PBXTargetDependency section */
		7A8CBAA823E9109B00D0D6BD /* PBXTargetDependency */ = {
			isa = PBXTargetDependency;
			target = 7A8CBA8F23E9109800D0D6BD /* CoreBlastFY */;
			targetProxy = 7A8CBAA723E9109B00D0D6BD /* PBXContainerItemProxy */;
		};
/* End PBXTargetDependency section */

/* Begin PBXVariantGroup section */
		7A8CBA9923E9109800D0D6BD /* Main.storyboard */ = {
			isa = PBXVariantGroup;
			children = (
				7A8CBA9A23E9109800D0D6BD /* Base */,
			);
			name = Main.storyboard;
			sourceTree = "<group>";
		};
		7A8CBA9E23E9109B00D0D6BD /* LaunchScreen.storyboard */ = {
			isa = PBXVariantGroup;
			children = (
				7A8CBA9F23E9109B00D0D6BD /* Base */,
			);
			name = LaunchScreen.storyboard;
			sourceTree = "<group>";
		};
/* End PBXVariantGroup section */

/* Begin XCBuildConfiguration section */
		7A8CBAAD23E9109B00D0D6BD /* Debug */ = {
			isa = XCBuildConfiguration;
			buildSettings = {
				ALWAYS_SEARCH_USER_PATHS = NO;
				CLANG_ANALYZER_NONNULL = YES;
				CLANG_ANALYZER_NUMBER_OBJECT_CONVERSION = YES_AGGRESSIVE;
				CLANG_CXX_LANGUAGE_STANDARD = "gnu++14";
				CLANG_CXX_LIBRARY = "libc++";
				CLANG_ENABLE_MODULES = YES;
				CLANG_ENABLE_OBJC_ARC = YES;
				CLANG_ENABLE_OBJC_WEAK = YES;
				CLANG_WARN_BLOCK_CAPTURE_AUTORELEASING = YES;
				CLANG_WARN_BOOL_CONVERSION = YES;
				CLANG_WARN_COMMA = YES;
				CLANG_WARN_CONSTANT_CONVERSION = YES;
				CLANG_WARN_DEPRECATED_OBJC_IMPLEMENTATIONS = YES;
				CLANG_WARN_DIRECT_OBJC_ISA_USAGE = YES_ERROR;
				CLANG_WARN_DOCUMENTATION_COMMENTS = YES;
				CLANG_WARN_EMPTY_BODY = YES;
				CLANG_WARN_ENUM_CONVERSION = YES;
				CLANG_WARN_INFINITE_RECURSION = YES;
				CLANG_WARN_INT_CONVERSION = YES;
				CLANG_WARN_NON_LITERAL_NULL_CONVERSION = YES;
				CLANG_WARN_OBJC_IMPLICIT_RETAIN_SELF = YES;
				CLANG_WARN_OBJC_LITERAL_CONVERSION = YES;
				CLANG_WARN_OBJC_ROOT_CLASS = YES_ERROR;
				CLANG_WARN_RANGE_LOOP_ANALYSIS = YES;
				CLANG_WARN_STRICT_PROTOTYPES = YES;
				CLANG_WARN_SUSPICIOUS_MOVE = YES;
				CLANG_WARN_UNGUARDED_AVAILABILITY = YES_AGGRESSIVE;
				CLANG_WARN_UNREACHABLE_CODE = YES;
				CLANG_WARN__DUPLICATE_METHOD_MATCH = YES;
				COPY_PHASE_STRIP = NO;
				DEBUG_INFORMATION_FORMAT = dwarf;
				ENABLE_STRICT_OBJC_MSGSEND = YES;
				ENABLE_TESTABILITY = YES;
				GCC_C_LANGUAGE_STANDARD = gnu11;
				GCC_DYNAMIC_NO_PIC = NO;
				GCC_NO_COMMON_BLOCKS = YES;
				GCC_OPTIMIZATION_LEVEL = 0;
				GCC_PREPROCESSOR_DEFINITIONS = (
					"DEBUG=1",
					"$(inherited)",
				);
				GCC_WARN_64_TO_32_BIT_CONVERSION = YES;
				GCC_WARN_ABOUT_RETURN_TYPE = YES_ERROR;
				GCC_WARN_UNDECLARED_SELECTOR = YES;
				GCC_WARN_UNINITIALIZED_AUTOS = YES_AGGRESSIVE;
				GCC_WARN_UNUSED_FUNCTION = YES;
				GCC_WARN_UNUSED_VARIABLE = YES;
				IPHONEOS_DEPLOYMENT_TARGET = 13.2;
				MTL_ENABLE_DEBUG_INFO = INCLUDE_SOURCE;
				MTL_FAST_MATH = YES;
				ONLY_ACTIVE_ARCH = YES;
				SDKROOT = iphoneos;
				SWIFT_ACTIVE_COMPILATION_CONDITIONS = DEBUG;
				SWIFT_OPTIMIZATION_LEVEL = "-Onone";
			};
			name = Debug;
		};
		7A8CBAAE23E9109B00D0D6BD /* Release */ = {
			isa = XCBuildConfiguration;
			buildSettings = {
				ALWAYS_SEARCH_USER_PATHS = NO;
				CLANG_ANALYZER_NONNULL = YES;
				CLANG_ANALYZER_NUMBER_OBJECT_CONVERSION = YES_AGGRESSIVE;
				CLANG_CXX_LANGUAGE_STANDARD = "gnu++14";
				CLANG_CXX_LIBRARY = "libc++";
				CLANG_ENABLE_MODULES = YES;
				CLANG_ENABLE_OBJC_ARC = YES;
				CLANG_ENABLE_OBJC_WEAK = YES;
				CLANG_WARN_BLOCK_CAPTURE_AUTORELEASING = YES;
				CLANG_WARN_BOOL_CONVERSION = YES;
				CLANG_WARN_COMMA = YES;
				CLANG_WARN_CONSTANT_CONVERSION = YES;
				CLANG_WARN_DEPRECATED_OBJC_IMPLEMENTATIONS = YES;
				CLANG_WARN_DIRECT_OBJC_ISA_USAGE = YES_ERROR;
				CLANG_WARN_DOCUMENTATION_COMMENTS = YES;
				CLANG_WARN_EMPTY_BODY = YES;
				CLANG_WARN_ENUM_CONVERSION = YES;
				CLANG_WARN_INFINITE_RECURSION = YES;
				CLANG_WARN_INT_CONVERSION = YES;
				CLANG_WARN_NON_LITERAL_NULL_CONVERSION = YES;
				CLANG_WARN_OBJC_IMPLICIT_RETAIN_SELF = YES;
				CLANG_WARN_OBJC_LITERAL_CONVERSION = YES;
				CLANG_WARN_OBJC_ROOT_CLASS = YES_ERROR;
				CLANG_WARN_RANGE_LOOP_ANALYSIS = YES;
				CLANG_WARN_STRICT_PROTOTYPES = YES;
				CLANG_WARN_SUSPICIOUS_MOVE = YES;
				CLANG_WARN_UNGUARDED_AVAILABILITY = YES_AGGRESSIVE;
				CLANG_WARN_UNREACHABLE_CODE = YES;
				CLANG_WARN__DUPLICATE_METHOD_MATCH = YES;
				COPY_PHASE_STRIP = NO;
				DEBUG_INFORMATION_FORMAT = "dwarf-with-dsym";
				ENABLE_NS_ASSERTIONS = NO;
				ENABLE_STRICT_OBJC_MSGSEND = YES;
				GCC_C_LANGUAGE_STANDARD = gnu11;
				GCC_NO_COMMON_BLOCKS = YES;
				GCC_WARN_64_TO_32_BIT_CONVERSION = YES;
				GCC_WARN_ABOUT_RETURN_TYPE = YES_ERROR;
				GCC_WARN_UNDECLARED_SELECTOR = YES;
				GCC_WARN_UNINITIALIZED_AUTOS = YES_AGGRESSIVE;
				GCC_WARN_UNUSED_FUNCTION = YES;
				GCC_WARN_UNUSED_VARIABLE = YES;
				IPHONEOS_DEPLOYMENT_TARGET = 13.2;
				MTL_ENABLE_DEBUG_INFO = NO;
				MTL_FAST_MATH = YES;
				SDKROOT = iphoneos;
				SWIFT_COMPILATION_MODE = wholemodule;
				SWIFT_OPTIMIZATION_LEVEL = "-O";
				VALIDATE_PRODUCT = YES;
			};
			name = Release;
		};
		7A8CBAB023E9109B00D0D6BD /* Debug */ = {
			isa = XCBuildConfiguration;
			buildSettings = {
				ASSETCATALOG_COMPILER_APPICON_NAME = AppIcon;
				CODE_SIGN_STYLE = Automatic;
				DEVELOPMENT_TEAM = 652R6A63L8;
				INFOPLIST_FILE = CoreBlastFY/Info.plist;
				LD_RUNPATH_SEARCH_PATHS = (
					"$(inherited)",
					"@executable_path/Frameworks",
				);
				PRODUCT_BUNDLE_IDENTIFIER = com.Franchiz.CoreBlastFY;
				PRODUCT_NAME = "$(TARGET_NAME)";
				SWIFT_VERSION = 5.0;
				TARGETED_DEVICE_FAMILY = "1,2";
			};
			name = Debug;
		};
		7A8CBAB123E9109B00D0D6BD /* Release */ = {
			isa = XCBuildConfiguration;
			buildSettings = {
				ASSETCATALOG_COMPILER_APPICON_NAME = AppIcon;
				CODE_SIGN_STYLE = Automatic;
				DEVELOPMENT_TEAM = 652R6A63L8;
				INFOPLIST_FILE = CoreBlastFY/Info.plist;
				LD_RUNPATH_SEARCH_PATHS = (
					"$(inherited)",
					"@executable_path/Frameworks",
				);
				PRODUCT_BUNDLE_IDENTIFIER = com.Franchiz.CoreBlastFY;
				PRODUCT_NAME = "$(TARGET_NAME)";
				SWIFT_VERSION = 5.0;
				TARGETED_DEVICE_FAMILY = "1,2";
			};
			name = Release;
		};
		7A8CBAB323E9109B00D0D6BD /* Debug */ = {
			isa = XCBuildConfiguration;
			buildSettings = {
				ALWAYS_EMBED_SWIFT_STANDARD_LIBRARIES = YES;
				BUNDLE_LOADER = "$(TEST_HOST)";
				CODE_SIGN_STYLE = Automatic;
				DEVELOPMENT_TEAM = 652R6A63L8;
				INFOPLIST_FILE = CoreBlastFYTests/Info.plist;
				IPHONEOS_DEPLOYMENT_TARGET = 13.2;
				LD_RUNPATH_SEARCH_PATHS = (
					"$(inherited)",
					"@executable_path/Frameworks",
					"@loader_path/Frameworks",
				);
				PRODUCT_BUNDLE_IDENTIFIER = com.Franchiz.CoreBlastFYTests;
				PRODUCT_NAME = "$(TARGET_NAME)";
				SWIFT_VERSION = 5.0;
				TARGETED_DEVICE_FAMILY = "1,2";
				TEST_HOST = "$(BUILT_PRODUCTS_DIR)/CoreBlastFY.app/CoreBlastFY";
			};
			name = Debug;
		};
		7A8CBAB423E9109B00D0D6BD /* Release */ = {
			isa = XCBuildConfiguration;
			buildSettings = {
				ALWAYS_EMBED_SWIFT_STANDARD_LIBRARIES = YES;
				BUNDLE_LOADER = "$(TEST_HOST)";
				CODE_SIGN_STYLE = Automatic;
				DEVELOPMENT_TEAM = 652R6A63L8;
				INFOPLIST_FILE = CoreBlastFYTests/Info.plist;
				IPHONEOS_DEPLOYMENT_TARGET = 13.2;
				LD_RUNPATH_SEARCH_PATHS = (
					"$(inherited)",
					"@executable_path/Frameworks",
					"@loader_path/Frameworks",
				);
				PRODUCT_BUNDLE_IDENTIFIER = com.Franchiz.CoreBlastFYTests;
				PRODUCT_NAME = "$(TARGET_NAME)";
				SWIFT_VERSION = 5.0;
				TARGETED_DEVICE_FAMILY = "1,2";
				TEST_HOST = "$(BUILT_PRODUCTS_DIR)/CoreBlastFY.app/CoreBlastFY";
			};
			name = Release;
		};
/* End XCBuildConfiguration section */

/* Begin XCConfigurationList section */
		7A8CBA8B23E9109800D0D6BD /* Build configuration list for PBXProject "CoreBlastFY" */ = {
			isa = XCConfigurationList;
			buildConfigurations = (
				7A8CBAAD23E9109B00D0D6BD /* Debug */,
				7A8CBAAE23E9109B00D0D6BD /* Release */,
			);
			defaultConfigurationIsVisible = 0;
			defaultConfigurationName = Release;
		};
		7A8CBAAF23E9109B00D0D6BD /* Build configuration list for PBXNativeTarget "CoreBlastFY" */ = {
			isa = XCConfigurationList;
			buildConfigurations = (
				7A8CBAB023E9109B00D0D6BD /* Debug */,
				7A8CBAB123E9109B00D0D6BD /* Release */,
			);
			defaultConfigurationIsVisible = 0;
			defaultConfigurationName = Release;
		};
		7A8CBAB223E9109B00D0D6BD /* Build configuration list for PBXNativeTarget "CoreBlastFYTests" */ = {
			isa = XCConfigurationList;
			buildConfigurations = (
				7A8CBAB323E9109B00D0D6BD /* Debug */,
				7A8CBAB423E9109B00D0D6BD /* Release */,
			);
			defaultConfigurationIsVisible = 0;
			defaultConfigurationName = Release;
		};
/* End XCConfigurationList section */
	};
	rootObject = 7A8CBA8823E9109800D0D6BD /* Project object */;
}
